
Microsoft Visual Studio Solution File, Format Version 12.00
# Visual Studio Express 2012 for Windows Desktop
Project("{FAE04EC0-301F-11D3-BF4B-00C04F79EFBC}") = "OneToX", "OneToX\OneToX.csproj", "{52F30530-85ED-4CDF-B938-02860F096187}"
EndProject
Project("{FAE04EC0-301F-11D3-BF4B-00C04F79EFBC}") = "OneToXNotDivisableBy3And7", "OneToXNotDivisableBy3And7\OneToXNotDivisableBy3And7.csproj", "{EF0718DE-1F98-48C1-AC97-CB09ABEBC873}"
EndProject
Project("{FAE04EC0-301F-11D3-BF4B-00C04F79EFBC}") = "MaxAndMin", "MaxAndMin\MaxAndMin.csproj", "{5B726AE1-8A48-4BC6-AD21-C14DD61AE414}"
EndProject
Project("{FAE04EC0-301F-11D3-BF4B-00C04F79EFBC}") = "CalculateFactorialDivison", "CalculateFactorialDivison\CalculateFactorialDivison.csproj", "{D2C113F1-93A7-4C36-B9A6-A1EDB07684D7}"
EndProject
Global
	GlobalSection(SolutionConfigurationPlatforms) = preSolution
		Debug|Any CPU = Debug|Any CPU
		Release|Any CPU = Release|Any CPU
	EndGlobalSection
	GlobalSection(ProjectConfigurationPlatforms) = postSolution
		{52F30530-85ED-4CDF-B938-02860F096187}.Debug|Any CPU.ActiveCfg = Debug|Any CPU
		{52F30530-85ED-4CDF-B938-02860F096187}.Debug|Any CPU.Build.0 = Debug|Any CPU
		{52F30530-85ED-4CDF-B938-02860F096187}.Release|Any CPU.ActiveCfg = Release|Any CPU
		{52F30530-85ED-4CDF-B938-02860F096187}.Release|Any CPU.Build.0 = Release|Any CPU
		{EF0718DE-1F98-48C1-AC97-CB09ABEBC873}.Debug|Any CPU.ActiveCfg = Debug|Any CPU
		{EF0718DE-1F98-48C1-AC97-CB09ABEBC873}.Debug|Any CPU.Build.0 = Debug|Any CPU
		{EF0718DE-1F98-48C1-AC97-CB09ABEBC873}.Release|Any CPU.ActiveCfg = Release|Any CPU
		{EF0718DE-1F98-48C1-AC97-CB09ABEBC873}.Release|Any CPU.Build.0 = Release|Any CPU
		{5B726AE1-8A48-4BC6-AD21-C14DD61AE414}.Debug|Any CPU.ActiveCfg = Debug|Any CPU
		{5B726AE1-8A48-4BC6-AD21-C14DD61AE414}.Debug|Any CPU.Build.0 = Debug|Any CPU
		{5B726AE1-8A48-4BC6-AD21-C14DD61AE414}.Release|Any CPU.ActiveCfg = Release|Any CPU
		{5B726AE1-8A48-4BC6-AD21-C14DD61AE414}.Release|Any CPU.Build.0 = Release|Any CPU
		{D2C113F1-93A7-4C36-B9A6-A1EDB07684D7}.Debug|Any CPU.ActiveCfg = Debug|Any CPU
		{D2C113F1-93A7-4C36-B9A6-A1EDB07684D7}.Debug|Any CPU.Build.0 = Debug|Any CPU
		{D2C113F1-93A7-4C36-B9A6-A1EDB07684D7}.Release|Any CPU.ActiveCfg = Release|Any CPU
		{D2C113F1-93A7-4C36-B9A6-A1EDB07684D7}.Release|Any CPU.Build.0 = Release|Any CPU
	EndGlobalSection
	GlobalSection(SolutionProperties) = preSolution
		HideSolutionNode = FALSE
	EndGlobalSection
EndGlobal
